// !$*UTF8*$!
{
	archiveVersion = 1;
	classes = {
	};
	objectVersion = 50;
	objects = {

/* Begin PBXBuildFile section */
		D82B21DC25EFD85B00BA3082 /* MultipleChoice.plist in Resources */ = {isa = PBXBuildFile; fileRef = D82B21DB25EFD85B00BA3082 /* MultipleChoice.plist */; };
		D82B21E025EFD95A00BA3082 /* QuizLoader.swift in Sources */ = {isa = PBXBuildFile; fileRef = D82B21DF25EFD95A00BA3082 /* QuizLoader.swift */; };
		D83F5E4225FA88BB00365598 /* EmojiQuiz.plist in Resources */ = {isa = PBXBuildFile; fileRef = D83F5E4125FA88BB00365598 /* EmojiQuiz.plist */; };
		D83F5E4525FAA1B500365598 /* EmojiQuizViewController.swift in Sources */ = {isa = PBXBuildFile; fileRef = D83F5E4425FAA1B500365598 /* EmojiQuizViewController.swift */; };
		D87988F025F7ACC200F6B310 /* ImageQuizViewController.swift in Sources */ = {isa = PBXBuildFile; fileRef = D87988EF25F7ACC200F6B310 /* ImageQuizViewController.swift */; };
		D87988F625F7AE2C00F6B310 /* apple.jpg in Resources */ = {isa = PBXBuildFile; fileRef = D87988F225F7AE2B00F6B310 /* apple.jpg */; };
		D87988F725F7AE2C00F6B310 /* burger.jpg in Resources */ = {isa = PBXBuildFile; fileRef = D87988F325F7AE2B00F6B310 /* burger.jpg */; };
		D87988F825F7AE2C00F6B310 /* hammer.jpg in Resources */ = {isa = PBXBuildFile; fileRef = D87988F425F7AE2C00F6B310 /* hammer.jpg */; };
		D87988F925F7AE2C00F6B310 /* tomato.jpg in Resources */ = {isa = PBXBuildFile; fileRef = D87988F525F7AE2C00F6B310 /* tomato.jpg */; };
		D87988FC25F7AEBD00F6B310 /* ImageQuiz.plist in Resources */ = {isa = PBXBuildFile; fileRef = D87988FB25F7AEBD00F6B310 /* ImageQuiz.plist */; };
		D89F001525F39CE200B02033 /* QuizAlertView.swift in Sources */ = {isa = PBXBuildFile; fileRef = D89F001425F39CE200B02033 /* QuizAlertView.swift */; };
		D89F001825F3E0AB00B02033 /* GenericQuizViewController.swift in Sources */ = {isa = PBXBuildFile; fileRef = D89F001725F3E0AB00B02033 /* GenericQuizViewController.swift */; };
		D8ABB3AE25EC8E7B00DF291E /* AppDelegate.swift in Sources */ = {isa = PBXBuildFile; fileRef = D8ABB3AD25EC8E7B00DF291E /* AppDelegate.swift */; };
		D8ABB3B025EC8E7B00DF291E /* SceneDelegate.swift in Sources */ = {isa = PBXBuildFile; fileRef = D8ABB3AF25EC8E7B00DF291E /* SceneDelegate.swift */; };
		D8ABB3B225EC8E7B00DF291E /* MenuViewController.swift in Sources */ = {isa = PBXBuildFile; fileRef = D8ABB3B125EC8E7B00DF291E /* MenuViewController.swift */; };
		D8ABB3B525EC8E7B00DF291E /* Main.storyboard in Resources */ = {isa = PBXBuildFile; fileRef = D8ABB3B325EC8E7B00DF291E /* Main.storyboard */; };
		D8ABB3B725EC8E7D00DF291E /* Assets.xcassets in Resources */ = {isa = PBXBuildFile; fileRef = D8ABB3B625EC8E7D00DF291E /* Assets.xcassets */; };
		D8ABB3BA25EC8E7D00DF291E /* LaunchScreen.storyboard in Resources */ = {isa = PBXBuildFile; fileRef = D8ABB3B825EC8E7D00DF291E /* LaunchScreen.storyboard */; };
		D8ABB3D125EC9A1F00DF291E /* RoundedButton.swift in Sources */ = {isa = PBXBuildFile; fileRef = D8ABB3D025EC9A1F00DF291E /* RoundedButton.swift */; };
		D8ABB3D425EC9B1200DF291E /* RoundedLabel.swift in Sources */ = {isa = PBXBuildFile; fileRef = D8ABB3D325EC9B1200DF291E /* RoundedLabel.swift */; };
		D8ABB3D925ECE9D300DF291E /* Constants+Extensions.swift in Sources */ = {isa = PBXBuildFile; fileRef = D8ABB3D825ECE9D300DF291E /* Constants+Extensions.swift */; };
		D8ABB3DD25ED092700DF291E /* logo.png in Resources */ = {isa = PBXBuildFile; fileRef = D8ABB3DC25ED092600DF291E /* logo.png */; };
		D8ABB3E025ED47D700DF291E /* MultipleChoiceViewController.swift in Sources */ = {isa = PBXBuildFile; fileRef = D8ABB3DF25ED47D700DF291E /* MultipleChoiceViewController.swift */; };
/* End PBXBuildFile section */

/* Begin PBXFileReference section */
		D82B21DB25EFD85B00BA3082 /* MultipleChoice.plist */ = {isa = PBXFileReference; fileEncoding = 4; lastKnownFileType = text.plist.xml; path = MultipleChoice.plist; sourceTree = "<group>"; };
		D82B21DF25EFD95A00BA3082 /* QuizLoader.swift */ = {isa = PBXFileReference; lastKnownFileType = sourcecode.swift; path = QuizLoader.swift; sourceTree = "<group>"; };
		D83F5E4125FA88BB00365598 /* EmojiQuiz.plist */ = {isa = PBXFileReference; lastKnownFileType = text.plist.xml; path = EmojiQuiz.plist; sourceTree = "<group>"; };
		D83F5E4425FAA1B500365598 /* EmojiQuizViewController.swift */ = {isa = PBXFileReference; fileEncoding = 4; lastKnownFileType = sourcecode.swift; path = EmojiQuizViewController.swift; sourceTree = "<group>"; };
		D86433B425F9268A00140374 /* shuffle.playground */ = {isa = PBXFileReference; lastKnownFileType = file.playground; path = shuffle.playground; sourceTree = "<group>"; xcLanguageSpecificationIdentifier = xcode.lang.swift; };
		D87988EF25F7ACC200F6B310 /* ImageQuizViewController.swift */ = {isa = PBXFileReference; lastKnownFileType = sourcecode.swift; path = ImageQuizViewController.swift; sourceTree = "<group>"; };
		D87988F225F7AE2B00F6B310 /* apple.jpg */ = {isa = PBXFileReference; lastKnownFileType = image.jpeg; path = apple.jpg; sourceTree = "<group>"; };
		D87988F325F7AE2B00F6B310 /* burger.jpg */ = {isa = PBXFileReference; lastKnownFileType = image.jpeg; path = burger.jpg; sourceTree = "<group>"; };
		D87988F425F7AE2C00F6B310 /* hammer.jpg */ = {isa = PBXFileReference; lastKnownFileType = image.jpeg; path = hammer.jpg; sourceTree = "<group>"; };
		D87988F525F7AE2C00F6B310 /* tomato.jpg */ = {isa = PBXFileReference; lastKnownFileType = image.jpeg; path = tomato.jpg; sourceTree = "<group>"; };
		D87988FB25F7AEBD00F6B310 /* ImageQuiz.plist */ = {isa = PBXFileReference; lastKnownFileType = text.plist.xml; path = ImageQuiz.plist; sourceTree = "<group>"; };
		D89F001425F39CE200B02033 /* QuizAlertView.swift */ = {isa = PBXFileReference; lastKnownFileType = sourcecode.swift; path = QuizAlertView.swift; sourceTree = "<group>"; };
		D89F001725F3E0AB00B02033 /* GenericQuizViewController.swift */ = {isa = PBXFileReference; fileEncoding = 4; lastKnownFileType = sourcecode.swift; path = GenericQuizViewController.swift; sourceTree = "<group>"; };
		D8ABB3AA25EC8E7B00DF291E /* Quiz Game.app */ = {isa = PBXFileReference; explicitFileType = wrapper.application; includeInIndex = 0; path = "Quiz Game.app"; sourceTree = BUILT_PRODUCTS_DIR; };
		D8ABB3AD25EC8E7B00DF291E /* AppDelegate.swift */ = {isa = PBXFileReference; lastKnownFileType = sourcecode.swift; path = AppDelegate.swift; sourceTree = "<group>"; };
		D8ABB3AF25EC8E7B00DF291E /* SceneDelegate.swift */ = {isa = PBXFileReference; lastKnownFileType = sourcecode.swift; path = SceneDelegate.swift; sourceTree = "<group>"; };
		D8ABB3B125EC8E7B00DF291E /* MenuViewController.swift */ = {isa = PBXFileReference; lastKnownFileType = sourcecode.swift; path = MenuViewController.swift; sourceTree = "<group>"; };
		D8ABB3B425EC8E7B00DF291E /* Base */ = {isa = PBXFileReference; lastKnownFileType = file.storyboard; name = Base; path = Base.lproj/Main.storyboard; sourceTree = "<group>"; };
		D8ABB3B625EC8E7D00DF291E /* Assets.xcassets */ = {isa = PBXFileReference; lastKnownFileType = folder.assetcatalog; path = Assets.xcassets; sourceTree = "<group>"; };
		D8ABB3B925EC8E7D00DF291E /* Base */ = {isa = PBXFileReference; lastKnownFileType = file.storyboard; name = Base; path = Base.lproj/LaunchScreen.storyboard; sourceTree = "<group>"; };
		D8ABB3BB25EC8E7D00DF291E /* Info.plist */ = {isa = PBXFileReference; lastKnownFileType = text.plist.xml; path = Info.plist; sourceTree = "<group>"; };
		D8ABB3D025EC9A1F00DF291E /* RoundedButton.swift */ = {isa = PBXFileReference; lastKnownFileType = sourcecode.swift; path = RoundedButton.swift; sourceTree = "<group>"; };
		D8ABB3D325EC9B1200DF291E /* RoundedLabel.swift */ = {isa = PBXFileReference; lastKnownFileType = sourcecode.swift; path = RoundedLabel.swift; sourceTree = "<group>"; };
		D8ABB3D825ECE9D300DF291E /* Constants+Extensions.swift */ = {isa = PBXFileReference; lastKnownFileType = sourcecode.swift; path = "Constants+Extensions.swift"; sourceTree = "<group>"; };
		D8ABB3DC25ED092600DF291E /* logo.png */ = {isa = PBXFileReference; lastKnownFileType = image.png; path = logo.png; sourceTree = "<group>"; };
		D8ABB3DF25ED47D700DF291E /* MultipleChoiceViewController.swift */ = {isa = PBXFileReference; lastKnownFileType = sourcecode.swift; path = MultipleChoiceViewController.swift; sourceTree = "<group>"; };
/* End PBXFileReference section */

/* Begin PBXFrameworksBuildPhase section */
		D8ABB3A725EC8E7B00DF291E /* Frameworks */ = {
			isa = PBXFrameworksBuildPhase;
			buildActionMask = 2147483647;
			files = (
			);
			runOnlyForDeploymentPostprocessing = 0;
		};
/* End PBXFrameworksBuildPhase section */

/* Begin PBXGroup section */
		D8ABB3A125EC8E7B00DF291E = {
			isa = PBXGroup;
			children = (
				D8ABB3AC25EC8E7B00DF291E /* Quiz Game */,
				D8ABB3AB25EC8E7B00DF291E /* Products */,
			);
			sourceTree = "<group>";
		};
		D8ABB3AB25EC8E7B00DF291E /* Products */ = {
			isa = PBXGroup;
			children = (
				D8ABB3AA25EC8E7B00DF291E /* Quiz Game.app */,
			);
			name = Products;
			sourceTree = "<group>";
		};
		D8ABB3AC25EC8E7B00DF291E /* Quiz Game */ = {
			isa = PBXGroup;
			children = (
				D8ABB3C725EC900F00DF291E /* Questions */,
				D8ABB3C625EC900800DF291E /* Resources */,
				D8ABB3C525EC900300DF291E /* Custom */,
				D8ABB3C425EC8FFD00DF291E /* Controller */,
				D8ABB3C325EC8FF400DF291E /* Template */,
				D8ABB3C225EC8FEE00DF291E /* UI */,
				D86433B425F9268A00140374 /* shuffle.playground */,
			);
			path = "Quiz Game";
			sourceTree = "<group>";
		};
		D8ABB3C225EC8FEE00DF291E /* UI */ = {
			isa = PBXGroup;
			children = (
				D8ABB3B325EC8E7B00DF291E /* Main.storyboard */,
				D8ABB3B625EC8E7D00DF291E /* Assets.xcassets */,
				D8ABB3B825EC8E7D00DF291E /* LaunchScreen.storyboard */,
			);
			path = UI;
			sourceTree = "<group>";
		};
		D8ABB3C325EC8FF400DF291E /* Template */ = {
			isa = PBXGroup;
			children = (
				D8ABB3AD25EC8E7B00DF291E /* AppDelegate.swift */,
				D8ABB3AF25EC8E7B00DF291E /* SceneDelegate.swift */,
				D8ABB3BB25EC8E7D00DF291E /* Info.plist */,
			);
			path = Template;
			sourceTree = "<group>";
		};
		D8ABB3C425EC8FFD00DF291E /* Controller */ = {
			isa = PBXGroup;
			children = (
				D8ABB3B125EC8E7B00DF291E /* MenuViewController.swift */,
				D8ABB3DF25ED47D700DF291E /* MultipleChoiceViewController.swift */,
				D89F001725F3E0AB00B02033 /* GenericQuizViewController.swift */,
				D83F5E4425FAA1B500365598 /* EmojiQuizViewController.swift */,
				D87988EF25F7ACC200F6B310 /* ImageQuizViewController.swift */,
			);
			path = Controller;
			sourceTree = "<group>";
		};
		D8ABB3C525EC900300DF291E /* Custom */ = {
			isa = PBXGroup;
			children = (
				D8ABB3D025EC9A1F00DF291E /* RoundedButton.swift */,
				D8ABB3D325EC9B1200DF291E /* RoundedLabel.swift */,
				D8ABB3D825ECE9D300DF291E /* Constants+Extensions.swift */,
				D82B21DF25EFD95A00BA3082 /* QuizLoader.swift */,
				D89F001425F39CE200B02033 /* QuizAlertView.swift */,
			);
			path = Custom;
			sourceTree = "<group>";
		};
		D8ABB3C625EC900800DF291E /* Resources */ = {
			isa = PBXGroup;
			children = (
				D8ABB3DB25ED08EF00DF291E /* Images */,
			);
			path = Resources;
			sourceTree = "<group>";
		};
		D8ABB3C725EC900F00DF291E /* Questions */ = {
			isa = PBXGroup;
			children = (
				D82B21DB25EFD85B00BA3082 /* MultipleChoice.plist */,
				D87988FB25F7AEBD00F6B310 /* ImageQuiz.plist */,
				D83F5E4125FA88BB00365598 /* EmojiQuiz.plist */,
			);
			path = Questions;
			sourceTree = "<group>";
		};
		D8ABB3DB25ED08EF00DF291E /* Images */ = {
			isa = PBXGroup;
			children = (
				D87988F225F7AE2B00F6B310 /* apple.jpg */,
				D87988F325F7AE2B00F6B310 /* burger.jpg */,
				D87988F425F7AE2C00F6B310 /* hammer.jpg */,
				D87988F525F7AE2C00F6B310 /* tomato.jpg */,
				D8ABB3DC25ED092600DF291E /* logo.png */,
			);
			path = Images;
			sourceTree = "<group>";
		};
/* End PBXGroup section */

/* Begin PBXNativeTarget section */
		D8ABB3A925EC8E7B00DF291E /* Quiz Game */ = {
			isa = PBXNativeTarget;
			buildConfigurationList = D8ABB3BE25EC8E7D00DF291E /* Build configuration list for PBXNativeTarget "Quiz Game" */;
			buildPhases = (
				D8ABB3A625EC8E7B00DF291E /* Sources */,
				D8ABB3A725EC8E7B00DF291E /* Frameworks */,
				D8ABB3A825EC8E7B00DF291E /* Resources */,
			);
			buildRules = (
			);
			dependencies = (
			);
			name = "Quiz Game";
			productName = "Quiz Game";
			productReference = D8ABB3AA25EC8E7B00DF291E /* Quiz Game.app */;
			productType = "com.apple.product-type.application";
		};
/* End PBXNativeTarget section */

/* Begin PBXProject section */
		D8ABB3A225EC8E7B00DF291E /* Project object */ = {
			isa = PBXProject;
			attributes = {
				LastSwiftUpdateCheck = 1240;
				LastUpgradeCheck = 1240;
				TargetAttributes = {
					D8ABB3A925EC8E7B00DF291E = {
						CreatedOnToolsVersion = 12.4;
					};
				};
			};
			buildConfigurationList = D8ABB3A525EC8E7B00DF291E /* Build configuration list for PBXProject "Quiz Game" */;
			compatibilityVersion = "Xcode 9.3";
			developmentRegion = en;
			hasScannedForEncodings = 0;
			knownRegions = (
				en,
				Base,
			);
			mainGroup = D8ABB3A125EC8E7B00DF291E;
			productRefGroup = D8ABB3AB25EC8E7B00DF291E /* Products */;
			projectDirPath = "";
			projectRoot = "";
			targets = (
				D8ABB3A925EC8E7B00DF291E /* Quiz Game */,
			);
		};
/* End PBXProject section */

/* Begin PBXResourcesBuildPhase section */
		D8ABB3A825EC8E7B00DF291E /* Resources */ = {
			isa = PBXResourcesBuildPhase;
			buildActionMask = 2147483647;
			files = (
				D8ABB3DD25ED092700DF291E /* logo.png in Resources */,
				D83F5E4225FA88BB00365598 /* EmojiQuiz.plist in Resources */,
				D8ABB3BA25EC8E7D00DF291E /* LaunchScreen.storyboard in Resources */,
				D8ABB3B725EC8E7D00DF291E /* Assets.xcassets in Resources */,
				D87988FC25F7AEBD00F6B310 /* ImageQuiz.plist in Resources */,
				D87988F825F7AE2C00F6B310 /* hammer.jpg in Resources */,
				D87988F725F7AE2C00F6B310 /* burger.jpg in Resources */,
				D8ABB3B525EC8E7B00DF291E /* Main.storyboard in Resources */,
				D87988F625F7AE2C00F6B310 /* apple.jpg in Resources */,
				D82B21DC25EFD85B00BA3082 /* MultipleChoice.plist in Resources */,
				D87988F925F7AE2C00F6B310 /* tomato.jpg in Resources */,
			);
			runOnlyForDeploymentPostprocessing = 0;
		};
/* End PBXResourcesBuildPhase section */

/* Begin PBXSourcesBuildPhase section */
		D8ABB3A625EC8E7B00DF291E /* Sources */ = {
			isa = PBXSourcesBuildPhase;
			buildActionMask = 2147483647;
			files = (
				D83F5E4525FAA1B500365598 /* EmojiQuizViewController.swift in Sources */,
				D8ABB3B225EC8E7B00DF291E /* MenuViewController.swift in Sources */,
				D87988F025F7ACC200F6B310 /* ImageQuizViewController.swift in Sources */,
				D8ABB3D425EC9B1200DF291E /* RoundedLabel.swift in Sources */,
				D8ABB3E025ED47D700DF291E /* MultipleChoiceViewController.swift in Sources */,
				D82B21E025EFD95A00BA3082 /* QuizLoader.swift in Sources */,
				D89F001525F39CE200B02033 /* QuizAlertView.swift in Sources */,
				D8ABB3AE25EC8E7B00DF291E /* AppDelegate.swift in Sources */,
				D8ABB3B025EC8E7B00DF291E /* SceneDelegate.swift in Sources */,
				D89F001825F3E0AB00B02033 /* GenericQuizViewController.swift in Sources */,
				D8ABB3D125EC9A1F00DF291E /* RoundedButton.swift in Sources */,
				D8ABB3D925ECE9D300DF291E /* Constants+Extensions.swift in Sources */,
			);
			runOnlyForDeploymentPostprocessing = 0;
		};
/* End PBXSourcesBuildPhase section */

/* Begin PBXVariantGroup section */
		D8ABB3B325EC8E7B00DF291E /* Main.storyboard */ = {
			isa = PBXVariantGroup;
			children = (
				D8ABB3B425EC8E7B00DF291E /* Base */,
			);
			name = Main.storyboard;
			sourceTree = "<group>";
		};
		D8ABB3B825EC8E7D00DF291E /* LaunchScreen.storyboard */ = {
			isa = PBXVariantGroup;
			children = (
				D8ABB3B925EC8E7D00DF291E /* Base */,
			);
			name = LaunchScreen.storyboard;
			sourceTree = "<group>";
		};
/* End PBXVariantGroup section */

/* Begin XCBuildConfiguration section */
		D8ABB3BC25EC8E7D00DF291E /* Debug */ = {
			isa = XCBuildConfiguration;
			buildSettings = {
				ALWAYS_SEARCH_USER_PATHS = NO;
				CLANG_ANALYZER_NONNULL = YES;
				CLANG_ANALYZER_NUMBER_OBJECT_CONVERSION = YES_AGGRESSIVE;
				CLANG_CXX_LANGUAGE_STANDARD = "gnu++14";
				CLANG_CXX_LIBRARY = "libc++";
				CLANG_ENABLE_MODULES = YES;
				CLANG_ENABLE_OBJC_ARC = YES;
				CLANG_ENABLE_OBJC_WEAK = YES;
				CLANG_WARN_BLOCK_CAPTURE_AUTORELEASING = YES;
				CLANG_WARN_BOOL_CONVERSION = YES;
				CLANG_WARN_COMMA = YES;
				CLANG_WARN_CONSTANT_CONVERSION = YES;
				CLANG_WARN_DEPRECATED_OBJC_IMPLEMENTATIONS = YES;
				CLANG_WARN_DIRECT_OBJC_ISA_USAGE = YES_ERROR;
				CLANG_WARN_DOCUMENTATION_COMMENTS = YES;
				CLANG_WARN_EMPTY_BODY = YES;
				CLANG_WARN_ENUM_CONVERSION = YES;
				CLANG_WARN_INFINITE_RECURSION = YES;
				CLANG_WARN_INT_CONVERSION = YES;
				CLANG_WARN_NON_LITERAL_NULL_CONVERSION = YES;
				CLANG_WARN_OBJC_IMPLICIT_RETAIN_SELF = YES;
				CLANG_WARN_OBJC_LITERAL_CONVERSION = YES;
				CLANG_WARN_OBJC_ROOT_CLASS = YES_ERROR;
				CLANG_WARN_QUOTED_INCLUDE_IN_FRAMEWORK_HEADER = YES;
				CLANG_WARN_RANGE_LOOP_ANALYSIS = YES;
				CLANG_WARN_STRICT_PROTOTYPES = YES;
				CLANG_WARN_SUSPICIOUS_MOVE = YES;
				CLANG_WARN_UNGUARDED_AVAILABILITY = YES_AGGRESSIVE;
				CLANG_WARN_UNREACHABLE_CODE = YES;
				CLANG_WARN__DUPLICATE_METHOD_MATCH = YES;
				COPY_PHASE_STRIP = NO;
				DEBUG_INFORMATION_FORMAT = dwarf;
				ENABLE_STRICT_OBJC_MSGSEND = YES;
				ENABLE_TESTABILITY = YES;
				GCC_C_LANGUAGE_STANDARD = gnu11;
				GCC_DYNAMIC_NO_PIC = NO;
				GCC_NO_COMMON_BLOCKS = YES;
				GCC_OPTIMIZATION_LEVEL = 0;
				GCC_PREPROCESSOR_DEFINITIONS = (
					"DEBUG=1",
					"$(inherited)",
				);
				GCC_WARN_64_TO_32_BIT_CONVERSION = YES;
				GCC_WARN_ABOUT_RETURN_TYPE = YES_ERROR;
				GCC_WARN_UNDECLARED_SELECTOR = YES;
				GCC_WARN_UNINITIALIZED_AUTOS = YES_AGGRESSIVE;
				GCC_WARN_UNUSED_FUNCTION = YES;
				GCC_WARN_UNUSED_VARIABLE = YES;
				IPHONEOS_DEPLOYMENT_TARGET = 14.4;
				MTL_ENABLE_DEBUG_INFO = INCLUDE_SOURCE;
				MTL_FAST_MATH = YES;
				ONLY_ACTIVE_ARCH = YES;
				SDKROOT = iphoneos;
				SWIFT_ACTIVE_COMPILATION_CONDITIONS = DEBUG;
				SWIFT_OPTIMIZATION_LEVEL = "-Onone";
			};
			name = Debug;
		};
		D8ABB3BD25EC8E7D00DF291E /* Release */ = {
			isa = XCBuildConfiguration;
			buildSettings = {
				ALWAYS_SEARCH_USER_PATHS = NO;
				CLANG_ANALYZER_NONNULL = YES;
				CLANG_ANALYZER_NUMBER_OBJECT_CONVERSION = YES_AGGRESSIVE;
				CLANG_CXX_LANGUAGE_STANDARD = "gnu++14";
				CLANG_CXX_LIBRARY = "libc++";
				CLANG_ENABLE_MODULES = YES;
				CLANG_ENABLE_OBJC_ARC = YES;
				CLANG_ENABLE_OBJC_WEAK = YES;
				CLANG_WARN_BLOCK_CAPTURE_AUTORELEASING = YES;
				CLANG_WARN_BOOL_CONVERSION = YES;
				CLANG_WARN_COMMA = YES;
				CLANG_WARN_CONSTANT_CONVERSION = YES;
				CLANG_WARN_DEPRECATED_OBJC_IMPLEMENTATIONS = YES;
				CLANG_WARN_DIRECT_OBJC_ISA_USAGE = YES_ERROR;
				CLANG_WARN_DOCUMENTATION_COMMENTS = YES;
				CLANG_WARN_EMPTY_BODY = YES;
				CLANG_WARN_ENUM_CONVERSION = YES;
				CLANG_WARN_INFINITE_RECURSION = YES;
				CLANG_WARN_INT_CONVERSION = YES;
				CLANG_WARN_NON_LITERAL_NULL_CONVERSION = YES;
				CLANG_WARN_OBJC_IMPLICIT_RETAIN_SELF = YES;
				CLANG_WARN_OBJC_LITERAL_CONVERSION = YES;
				CLANG_WARN_OBJC_ROOT_CLASS = YES_ERROR;
				CLANG_WARN_QUOTED_INCLUDE_IN_FRAMEWORK_HEADER = YES;
				CLANG_WARN_RANGE_LOOP_ANALYSIS = YES;
				CLANG_WARN_STRICT_PROTOTYPES = YES;
				CLANG_WARN_SUSPICIOUS_MOVE = YES;
				CLANG_WARN_UNGUARDED_AVAILABILITY = YES_AGGRESSIVE;
				CLANG_WARN_UNREACHABLE_CODE = YES;
				CLANG_WARN__DUPLICATE_METHOD_MATCH = YES;
				COPY_PHASE_STRIP = NO;
				DEBUG_INFORMATION_FORMAT = "dwarf-with-dsym";
				ENABLE_NS_ASSERTIONS = NO;
				ENABLE_STRICT_OBJC_MSGSEND = YES;
				GCC_C_LANGUAGE_STANDARD = gnu11;
				GCC_NO_COMMON_BLOCKS = YES;
				GCC_WARN_64_TO_32_BIT_CONVERSION = YES;
				GCC_WARN_ABOUT_RETURN_TYPE = YES_ERROR;
				GCC_WARN_UNDECLARED_SELECTOR = YES;
				GCC_WARN_UNINITIALIZED_AUTOS = YES_AGGRESSIVE;
				GCC_WARN_UNUSED_FUNCTION = YES;
				GCC_WARN_UNUSED_VARIABLE = YES;
				IPHONEOS_DEPLOYMENT_TARGET = 14.4;
				MTL_ENABLE_DEBUG_INFO = NO;
				MTL_FAST_MATH = YES;
				SDKROOT = iphoneos;
				SWIFT_COMPILATION_MODE = wholemodule;
				SWIFT_OPTIMIZATION_LEVEL = "-O";
				VALIDATE_PRODUCT = YES;
			};
			name = Release;
		};
		D8ABB3BF25EC8E7D00DF291E /* Debug */ = {
			isa = XCBuildConfiguration;
			buildSettings = {
				ASSETCATALOG_COMPILER_APPICON_NAME = AppIcon;
				ASSETCATALOG_COMPILER_GLOBAL_ACCENT_COLOR_NAME = AccentColor;
				CODE_SIGN_STYLE = Automatic;
				DEVELOPMENT_TEAM = Q5CYH8RVUS;
				INFOPLIST_FILE = "Quiz Game/Template/Info.plist";
				LD_RUNPATH_SEARCH_PATHS = (
					"$(inherited)",
					"@executable_path/Frameworks",
				);
				PRODUCT_BUNDLE_IDENTIFIER = "com.joe3524.Quiz-Game";
				PRODUCT_NAME = "$(TARGET_NAME)";
				SWIFT_VERSION = 5.0;
				TARGETED_DEVICE_FAMILY = "1,2";
			};
			name = Debug;
		};
		D8ABB3C025EC8E7D00DF291E /* Release */ = {
			isa = XCBuildConfiguration;
			buildSettings = {
				ASSETCATALOG_COMPILER_APPICON_NAME = AppIcon;
				ASSETCATALOG_COMPILER_GLOBAL_ACCENT_COLOR_NAME = AccentColor;
				CODE_SIGN_STYLE = Automatic;
				DEVELOPMENT_TEAM = Q5CYH8RVUS;
				INFOPLIST_FILE = "Quiz Game/Template/Info.plist";
				LD_RUNPATH_SEARCH_PATHS = (
					"$(inherited)",
					"@executable_path/Frameworks",
				);
				PRODUCT_BUNDLE_IDENTIFIER = "com.joe3524.Quiz-Game";
				PRODUCT_NAME = "$(TARGET_NAME)";
				SWIFT_VERSION = 5.0;
				TARGETED_DEVICE_FAMILY = "1,2";
			};
			name = Release;
		};
/* End XCBuildConfiguration section */

/* Begin XCConfigurationList section */
		D8ABB3A525EC8E7B00DF291E /* Build configuration list for PBXProject "Quiz Game" */ = {
			isa = XCConfigurationList;
			buildConfigurations = (
				D8ABB3BC25EC8E7D00DF291E /* Debug */,
				D8ABB3BD25EC8E7D00DF291E /* Release */,
			);
			defaultConfigurationIsVisible = 0;
			defaultConfigurationName = Release;
		};
		D8ABB3BE25EC8E7D00DF291E /* Build configuration list for PBXNativeTarget "Quiz Game" */ = {
			isa = XCConfigurationList;
			buildConfigurations = (
				D8ABB3BF25EC8E7D00DF291E /* Debug */,
				D8ABB3C025EC8E7D00DF291E /* Release */,
			);
			defaultConfigurationIsVisible = 0;
			defaultConfigurationName = Release;
		};
/* End XCConfigurationList section */
	};
	rootObject = D8ABB3A225EC8E7B00DF291E /* Project object */;
}
